<?xml version="1.0" encoding="utf-8"?>
<Project ToolsVersion="4.0" xmlns="http://schemas.microsoft.com/developer/msbuild/2003">
  <ItemGroup>
    <Filter Include="Source Files">
      <UniqueIdentifier>{4FC737F1-C7A5-4376-A066-2A32D752A2FF}</UniqueIdentifier>
      <Extensions>cpp;c;cc;cxx;def;odl;idl;hpj;bat;asm;asmx</Extensions>
    </Filter>
    <Filter Include="Header Files">
      <UniqueIdentifier>{93995380-89BD-4b04-88EB-625FBE52EBFB}</UniqueIdentifier>
      <Extensions>h;hh;hpp;hxx;hm;inl;inc;xsd</Extensions>
    </Filter>
    <Filter Include="Resource Files">
      <UniqueIdentifier>{67DA6AB6-F800-4c08-8B7A-83BB121AAD01}</UniqueIdentifier>
      <Extensions>rc;ico;cur;bmp;dlg;rc2;rct;bin;rgs;gif;jpg;jpeg;jpe;resx;tiff;tif;png;wav;mfcribbon-ms</Extensions>
    </Filter>
  </ItemGroup>
  <ItemGroup>
    <ClCompile Include="Adyton.cc">
      <Filter>Source Files</Filter>
    </ClCompile>
    <ClCompile Include="src\congestion-control\ACC.cc">
      <Filter>Source Files</Filter>
    </ClCompile>
    <ClCompile Include="src\congestion-control\AvoidOverflow.cc">
      <Filter>Source Files</Filter>
    </ClCompile>
    <ClCompile Include="src\congestion-control\BSA.cc">
      <Filter>Source Files</Filter>
    </ClCompile>
    <ClCompile Include="src\congestion-control\CACC.cc">
      <Filter>Source Files</Filter>
    </ClCompile>
    <ClCompile Include="src\congestion-control\CongestionControl.cc">
      <Filter>Source Files</Filter>
    </ClCompile>
    <ClCompile Include="src\congestion-control\FairRoute.cc">
      <Filter>Source Files</Filter>
    </ClCompile>
    <ClCompile Include="src\congestion-control\NoCC.cc">
      <Filter>Source Files</Filter>
    </ClCompile>
    <ClCompile Include="src\core\Connection.cc">
      <Filter>Source Files</Filter>
    </ClCompile>
    <ClCompile Include="src\core\ConnectionMap.cc">
      <Filter>Source Files</Filter>
    </ClCompile>
    <ClCompile Include="src\core\Event.cc">
      <Filter>Source Files</Filter>
    </ClCompile>
    <ClCompile Include="src\core\EventList.cc">
      <Filter>Source Files</Filter>
    </ClCompile>
    <ClCompile Include="src\core\God.cc">
      <Filter>Source Files</Filter>
    </ClCompile>
    <ClCompile Include="src\core\Header.cc">
      <Filter>Source Files</Filter>
    </ClCompile>
    <ClCompile Include="src\core\MAC.cc">
      <Filter>Source Files</Filter>
    </ClCompile>
    <ClCompile Include="src\core\Node.cc">
      <Filter>Source Files</Filter>
    </ClCompile>
    <ClCompile Include="src\core\Packet.cc">
      <Filter>Source Files</Filter>
    </ClCompile>
    <ClCompile Include="src\core\PacketBuffer.cc">
      <Filter>Source Files</Filter>
    </ClCompile>
    <ClCompile Include="src\core\PacketEntry.cc">
      <Filter>Source Files</Filter>
    </ClCompile>
    <ClCompile Include="src\core\PacketPool.cc">
      <Filter>Source Files</Filter>
    </ClCompile>
    <ClCompile Include="src\core\PacketRecord.cc">
      <Filter>Source Files</Filter>
    </ClCompile>
    <ClCompile Include="src\core\Results.cc">
      <Filter>Source Files</Filter>
    </ClCompile>
    <ClCompile Include="src\core\Settings.cc">
      <Filter>Source Files</Filter>
    </ClCompile>
    <ClCompile Include="src\core\Simulator.cc">
      <Filter>Source Files</Filter>
    </ClCompile>
    <ClCompile Include="src\core\Statistics.cc">
      <Filter>Source Files</Filter>
    </ClCompile>
    <ClCompile Include="src\core\TrafficGen.cc">
      <Filter>Source Files</Filter>
    </ClCompile>
    <ClCompile Include="src\core\UserInteraction.cc">
      <Filter>Source Files</Filter>
    </ClCompile>
    <ClCompile Include="src\data-structures\Adjacency.cc">
      <Filter>Source Files</Filter>
    </ClCompile>
    <ClCompile Include="src\data-structures\AIT.cc">
      <Filter>Source Files</Filter>
    </ClCompile>
    <ClCompile Include="src\data-structures\AMT.cc">
      <Filter>Source Files</Filter>
    </ClCompile>
    <ClCompile Include="src\data-structures\ASP.cc">
      <Filter>Source Files</Filter>
    </ClCompile>
    <ClCompile Include="src\data-structures\CentralityApproximation.cc">
      <Filter>Source Files</Filter>
    </ClCompile>
    <ClCompile Include="src\data-structures\Coding.cc">
      <Filter>Source Files</Filter>
    </ClCompile>
    <ClCompile Include="src\data-structures\CommunityDetection.cc">
      <Filter>Source Files</Filter>
    </ClCompile>
    <ClCompile Include="src\data-structures\DestEnc.cc">
      <Filter>Source Files</Filter>
    </ClCompile>
    <ClCompile Include="src\data-structures\DPT.cc">
      <Filter>Source Files</Filter>
    </ClCompile>
    <ClCompile Include="src\data-structures\Enc.cc">
      <Filter>Source Files</Filter>
    </ClCompile>
    <ClCompile Include="src\data-structures\Familiarity.cc">
      <Filter>Source Files</Filter>
    </ClCompile>
    <ClCompile Include="src\data-structures\LastContact.cc">
      <Filter>Source Files</Filter>
    </ClCompile>
    <ClCompile Include="src\data-structures\LTS.cc">
      <Filter>Source Files</Filter>
    </ClCompile>
    <ClCompile Include="src\data-structures\MEED.cc">
      <Filter>Source Files</Filter>
    </ClCompile>
    <ClCompile Include="src\data-structures\pktDepository.cc">
      <Filter>Source Files</Filter>
    </ClCompile>
    <ClCompile Include="src\data-structures\Regularity.cc">
      <Filter>Source Files</Filter>
    </ClCompile>
    <ClCompile Include="src\data-structures\Sociability.cc">
      <Filter>Source Files</Filter>
    </ClCompile>
    <ClCompile Include="src\data-structures\SPM.cc">
      <Filter>Source Files</Filter>
    </ClCompile>
    <ClCompile Include="src\data-structures\Utility.cc">
      <Filter>Source Files</Filter>
    </ClCompile>
    <ClCompile Include="src\deletion-mechanisms\Cataclysm.cc">
      <Filter>Source Files</Filter>
    </ClCompile>
    <ClCompile Include="src\deletion-mechanisms\DeletionMechanism.cc">
      <Filter>Source Files</Filter>
    </ClCompile>
    <ClCompile Include="src\deletion-mechanisms\JustTTL.cc">
      <Filter>Source Files</Filter>
    </ClCompile>
    <ClCompile Include="src\deletion-mechanisms\NoDuplicates.cc">
      <Filter>Source Files</Filter>
    </ClCompile>
    <ClCompile Include="src\deletion-mechanisms\NoDupsKeepReplication.cc">
      <Filter>Source Files</Filter>
    </ClCompile>
    <ClCompile Include="src\deletion-mechanisms\Vaccine.cc">
      <Filter>Source Files</Filter>
    </ClCompile>
    <ClCompile Include="src\dropping-policies\DropFront.cc">
      <Filter>Source Files</Filter>
    </ClCompile>
    <ClCompile Include="src\dropping-policies\DropFrontASP.cc">
      <Filter>Source Files</Filter>
    </ClCompile>
    <ClCompile Include="src\dropping-policies\DropOldest.cc">
      <Filter>Source Files</Filter>
    </ClCompile>
    <ClCompile Include="src\dropping-policies\DropOldestASP.cc">
      <Filter>Source Files</Filter>
    </ClCompile>
    <ClCompile Include="src\dropping-policies\DroppingPolicy.cc">
      <Filter>Source Files</Filter>
    </ClCompile>
    <ClCompile Include="src\dropping-policies\DropTail.cc">
      <Filter>Source Files</Filter>
    </ClCompile>
    <ClCompile Include="src\dropping-policies\DropTailASP.cc">
      <Filter>Source Files</Filter>
    </ClCompile>
    <ClCompile Include="src\dropping-policies\DropYoungest.cc">
      <Filter>Source Files</Filter>
    </ClCompile>
    <ClCompile Include="src\dropping-policies\DropYoungestASP.cc">
      <Filter>Source Files</Filter>
    </ClCompile>
    <ClCompile Include="src\routing\BubbleRap.cc">
      <Filter>Source Files</Filter>
    </ClCompile>
    <ClCompile Include="src\routing\CnR.cc">
      <Filter>Source Files</Filter>
    </ClCompile>
    <ClCompile Include="src\routing\Delegation.cc">
      <Filter>Source Files</Filter>
    </ClCompile>
    <ClCompile Include="src\routing\Direct.cc">
      <Filter>Source Files</Filter>
    </ClCompile>
    <ClCompile Include="src\routing\EBR.cc">
      <Filter>Source Files</Filter>
    </ClCompile>
    <ClCompile Include="src\routing\Epidemic.cc">
      <Filter>Source Files</Filter>
    </ClCompile>
    <ClCompile Include="src\routing\LSFSpray.cc">
      <Filter>Source Files</Filter>
    </ClCompile>
    <ClCompile Include="src\routing\LSFSprayFocus.cc">
      <Filter>Source Files</Filter>
    </ClCompile>
    <ClCompile Include="src\routing\MSFSpray.cc">
      <Filter>Source Files</Filter>
    </ClCompile>
    <ClCompile Include="src\routing\Optimal.cc">
      <Filter>Source Files</Filter>
    </ClCompile>
    <ClCompile Include="src\routing\Prophet.cc">
      <Filter>Source Files</Filter>
    </ClCompile>
    <ClCompile Include="src\routing\ProphetSpray.cc">
      <Filter>Source Files</Filter>
    </ClCompile>
    <ClCompile Include="src\routing\Routing.cc">
      <Filter>Source Files</Filter>
    </ClCompile>
    <ClCompile Include="src\routing\SimBet.cc">
      <Filter>Source Files</Filter>
    </ClCompile>
    <ClCompile Include="src\routing\SimBetTS.cc">
      <Filter>Source Files</Filter>
    </ClCompile>
    <ClCompile Include="src\routing\SprayWait.cc">
      <Filter>Source Files</Filter>
    </ClCompile>
    <ClCompile Include="src\scheduling-policies\FIFO.cc">
      <Filter>Source Files</Filter>
    </ClCompile>
    <ClCompile Include="src\scheduling-policies\GRTRMax.cc">
      <Filter>Source Files</Filter>
    </ClCompile>
    <ClCompile Include="src\scheduling-policies\GRTRSort.cc">
      <Filter>Source Files</Filter>
    </ClCompile>
    <ClCompile Include="src\scheduling-policies\HNUV.cc">
      <Filter>Source Files</Filter>
    </ClCompile>
    <ClCompile Include="src\scheduling-policies\LIFO.cc">
      <Filter>Source Files</Filter>
    </ClCompile>
    <ClCompile Include="src\scheduling-policies\SchedulingPolicy.cc">
      <Filter>Source Files</Filter>
    </ClCompile>
  </ItemGroup>
  <ItemGroup>
    <ClInclude Include="src\congestion-control\ACC.h">
      <Filter>Header Files</Filter>
    </ClInclude>
    <ClInclude Include="src\congestion-control\AvoidOverflow.h">
      <Filter>Header Files</Filter>
    </ClInclude>
    <ClInclude Include="src\congestion-control\BSA.h">
      <Filter>Header Files</Filter>
    </ClInclude>
    <ClInclude Include="src\congestion-control\CACC.h">
      <Filter>Header Files</Filter>
    </ClInclude>
    <ClInclude Include="src\congestion-control\CongestionControl.h">
      <Filter>Header Files</Filter>
    </ClInclude>
    <ClInclude Include="src\congestion-control\CongestionControlMechanisms.h">
      <Filter>Header Files</Filter>
    </ClInclude>
    <ClInclude Include="src\congestion-control\FairRoute.h">
      <Filter>Header Files</Filter>
    </ClInclude>
    <ClInclude Include="src\congestion-control\NoCC.h">
      <Filter>Header Files</Filter>
    </ClInclude>
    <ClInclude Include="src\core\Connection.h">
      <Filter>Header Files</Filter>
    </ClInclude>
    <ClInclude Include="src\core\ConnectionMap.h">
      <Filter>Header Files</Filter>
    </ClInclude>
    <ClInclude Include="src\core\Event.h">
      <Filter>Header Files</Filter>
    </ClInclude>
    <ClInclude Include="src\core\EventList.h">
      <Filter>Header Files</Filter>
    </ClInclude>
    <ClInclude Include="src\core\God.h">
      <Filter>Header Files</Filter>
    </ClInclude>
    <ClInclude Include="src\core\Header.h">
      <Filter>Header Files</Filter>
    </ClInclude>
    <ClInclude Include="src\core\Identification.h">
      <Filter>Header Files</Filter>
    </ClInclude>
    <ClInclude Include="src\core\MAC.h">
      <Filter>Header Files</Filter>
    </ClInclude>
    <ClInclude Include="src\core\Node.h">
      <Filter>Header Files</Filter>
    </ClInclude>
    <ClInclude Include="src\core\Packet.h">
      <Filter>Header Files</Filter>
    </ClInclude>
    <ClInclude Include="src\core\PacketBuffer.h">
      <Filter>Header Files</Filter>
    </ClInclude>
    <ClInclude Include="src\core\PacketEntry.h">
      <Filter>Header Files</Filter>
    </ClInclude>
    <ClInclude Include="src\core\PacketPool.h">
      <Filter>Header Files</Filter>
    </ClInclude>
    <ClInclude Include="src\core\PacketRecord.h">
      <Filter>Header Files</Filter>
    </ClInclude>
    <ClInclude Include="src\core\Results.h">
      <Filter>Header Files</Filter>
    </ClInclude>
    <ClInclude Include="src\core\Settings.h">
      <Filter>Header Files</Filter>
    </ClInclude>
    <ClInclude Include="src\core\Simulator.h">
      <Filter>Header Files</Filter>
    </ClInclude>
    <ClInclude Include="src\core\Statistics.h">
      <Filter>Header Files</Filter>
    </ClInclude>
    <ClInclude Include="src\core\TrafficGen.h">
      <Filter>Header Files</Filter>
    </ClInclude>
    <ClInclude Include="src\core\UserInteraction.h">
      <Filter>Header Files</Filter>
    </ClInclude>
    <ClInclude Include="src\data-structures\Adjacency.h">
      <Filter>Header Files</Filter>
    </ClInclude>
    <ClInclude Include="src\data-structures\AIT.h">
      <Filter>Header Files</Filter>
    </ClInclude>
    <ClInclude Include="src\data-structures\AMT.h">
      <Filter>Header Files</Filter>
    </ClInclude>
    <ClInclude Include="src\data-structures\ASP.h">
      <Filter>Header Files</Filter>
    </ClInclude>
    <ClInclude Include="src\data-structures\CentralityApproximation.h">
      <Filter>Header Files</Filter>
    </ClInclude>
    <ClInclude Include="src\data-structures\Coding.h">
      <Filter>Header Files</Filter>
    </ClInclude>
    <ClInclude Include="src\data-structures\CommunityDetection.h">
      <Filter>Header Files</Filter>
    </ClInclude>
    <ClInclude Include="src\data-structures\DestEnc.h">
      <Filter>Header Files</Filter>
    </ClInclude>
    <ClInclude Include="src\data-structures\DPT.h">
      <Filter>Header Files</Filter>
    </ClInclude>
    <ClInclude Include="src\data-structures\Enc.h">
      <Filter>Header Files</Filter>
    </ClInclude>
    <ClInclude Include="src\data-structures\Familiarity.h">
      <Filter>Header Files</Filter>
    </ClInclude>
    <ClInclude Include="src\data-structures\LastContact.h">
      <Filter>Header Files</Filter>
    </ClInclude>
    <ClInclude Include="src\data-structures\LTS.h">
      <Filter>Header Files</Filter>
    </ClInclude>
    <ClInclude Include="src\data-structures\MEED.h">
      <Filter>Header Files</Filter>
    </ClInclude>
    <ClInclude Include="src\data-structures\pktDepository.h">
      <Filter>Header Files</Filter>
    </ClInclude>
    <ClInclude Include="src\data-structures\Regularity.h">
      <Filter>Header Files</Filter>
    </ClInclude>
    <ClInclude Include="src\data-structures\Sociability.h">
      <Filter>Header Files</Filter>
    </ClInclude>
    <ClInclude Include="src\data-structures\SPM.h">
      <Filter>Header Files</Filter>
    </ClInclude>
    <ClInclude Include="src\data-structures\Utility.h">
      <Filter>Header Files</Filter>
    </ClInclude>
    <ClInclude Include="src\deletion-mechanisms\DeletionMechanism.h">
      <Filter>Header Files</Filter>
    </ClInclude>
    <ClInclude Include="src\deletion-mechanisms\Cataclysm.h">
      <Filter>Header Files</Filter>
    </ClInclude>
    <ClInclude Include="src\deletion-mechanisms\DeletionMechanisms.h">
      <Filter>Header Files</Filter>
    </ClInclude>
    <ClInclude Include="src\deletion-mechanisms\JustTTL.h">
      <Filter>Header Files</Filter>
    </ClInclude>
    <ClInclude Include="src\deletion-mechanisms\NoDuplicates.h">
      <Filter>Header Files</Filter>
    </ClInclude>
    <ClInclude Include="src\deletion-mechanisms\NoDupsKeepReplication.h">
      <Filter>Header Files</Filter>
    </ClInclude>
    <ClInclude Include="src\deletion-mechanisms\Vaccine.h">
      <Filter>Header Files</Filter>
    </ClInclude>
    <ClInclude Include="src\dropping-policies\DropFront.h">
      <Filter>Header Files</Filter>
    </ClInclude>
    <ClInclude Include="src\dropping-policies\DropFrontASP.h">
      <Filter>Header Files</Filter>
    </ClInclude>
    <ClInclude Include="src\dropping-policies\DropOldest.h">
      <Filter>Header Files</Filter>
    </ClInclude>
    <ClInclude Include="src\dropping-policies\DropOldestASP.h">
      <Filter>Header Files</Filter>
    </ClInclude>
    <ClInclude Include="src\dropping-policies\DroppingPolicies.h">
      <Filter>Header Files</Filter>
    </ClInclude>
    <ClInclude Include="src\dropping-policies\DroppingPolicy.h">
      <Filter>Header Files</Filter>
    </ClInclude>
    <ClInclude Include="src\dropping-policies\DropTail.h">
      <Filter>Header Files</Filter>
    </ClInclude>
    <ClInclude Include="src\dropping-policies\DropTailASP.h">
      <Filter>Header Files</Filter>
    </ClInclude>
    <ClInclude Include="src\dropping-policies\DropYoungest.h">
      <Filter>Header Files</Filter>
    </ClInclude>
    <ClInclude Include="src\dropping-policies\DropYoungestASP.h">
      <Filter>Header Files</Filter>
    </ClInclude>
    <ClInclude Include="src\routing\Delegation.h">
      <Filter>Header Files</Filter>
    </ClInclude>
    <ClInclude Include="src\routing\BubbleRap.h">
      <Filter>Header Files</Filter>
    </ClInclude>
    <ClInclude Include="src\routing\CnR.h">
      <Filter>Header Files</Filter>
    </ClInclude>
    <ClInclude Include="src\routing\Direct.h">
      <Filter>Header Files</Filter>
    </ClInclude>
    <ClInclude Include="src\routing\EBR.h">
      <Filter>Header Files</Filter>
    </ClInclude>
    <ClInclude Include="src\routing\Epidemic.h">
      <Filter>Header Files</Filter>
    </ClInclude>
    <ClInclude Include="src\routing\LSFSpray.h">
      <Filter>Header Files</Filter>
    </ClInclude>
    <ClInclude Include="src\routing\LSFSprayFocus.h">
      <Filter>Header Files</Filter>
    </ClInclude>
    <ClInclude Include="src\routing\MSFSpray.h">
      <Filter>Header Files</Filter>
    </ClInclude>
    <ClInclude Include="src\routing\Optimal.h">
      <Filter>Header Files</Filter>
    </ClInclude>
    <ClInclude Include="src\routing\Prophet.h">
      <Filter>Header Files</Filter>
    </ClInclude>
    <ClInclude Include="src\routing\ProphetSpray.h">
      <Filter>Header Files</Filter>
    </ClInclude>
    <ClInclude Include="src\routing\Routing.h">
      <Filter>Header Files</Filter>
    </ClInclude>
    <ClInclude Include="src\routing\RoutingProtocols.h">
      <Filter>Header Files</Filter>
    </ClInclude>
    <ClInclude Include="src\routing\SimBet.h">
      <Filter>Header Files</Filter>
    </ClInclude>
    <ClInclude Include="src\routing\SimBetTS.h">
      <Filter>Header Files</Filter>
    </ClInclude>
    <ClInclude Include="src\routing\SprayWait.h">
      <Filter>Header Files</Filter>
    </ClInclude>
    <ClInclude Include="src\scheduling-policies\FIFO.h">
      <Filter>Header Files</Filter>
    </ClInclude>
    <ClInclude Include="src\scheduling-policies\GRTRMax.h">
      <Filter>Header Files</Filter>
    </ClInclude>
    <ClInclude Include="src\scheduling-policies\GRTRSort.h">
      <Filter>Header Files</Filter>
    </ClInclude>
    <ClInclude Include="src\scheduling-policies\HNUV.h">
      <Filter>Header Files</Filter>
    </ClInclude>
    <ClInclude Include="src\scheduling-policies\LIFO.h">
      <Filter>Header Files</Filter>
    </ClInclude>
    <ClInclude Include="src\scheduling-policies\SchedulingPolicies.h">
      <Filter>Header Files</Filter>
    </ClInclude>
    <ClInclude Include="src\scheduling-policies\SchedulingPolicy.h">
      <Filter>Header Files</Filter>
    </ClInclude>
  </ItemGroup>
</Project>